schema: '2.0'
stages:
  prepare_data:
    cmd: Rscript prepare_data.R
    deps:
    - path: data/train.csv
      md5: 38d8ca74676e1be914a84d2ae3696318
      size: 318733334
    - path: prepare_data.R
      md5: 2f9354651c2507e196e9e384925cd54b
      size: 1135
    outs:
    - path: outputs/train_fold.rds
      md5: 254bbf8627c681c5ff7beb52c75ad84a
      size: 5775416
    - path: outputs/validation_fold.rds
      md5: 2fb37b39b818cd942b09443ce20ab558
      size: 46082369
  train_model:
    cmd: Rscript train_model.R
    deps:
    - path: outputs/train_fold.rds
      md5: 254bbf8627c681c5ff7beb52c75ad84a
      size: 5775416
    - path: outputs/validation_fold.rds
      md5: 2fb37b39b818cd942b09443ce20ab558
      size: 46082369
    - path: train_model.R
      md5: fd419990831aa26c4767b0fa50dea070
      size: 1276
    outs:
    - path: accuracy.txt
      md5: 2cad58473b138734c47844522d5ae335
      size: 5
    - path: outputs/model.rds
      md5: 40584a9234bb72d8f07b30c8f55fd783
      size: 101739
