schema: '2.0'
stages:
  prepare_data:
    cmd: Rscript prepare_data.R
    deps:
    - path: data/train.csv
      md5: 38d8ca74676e1be914a84d2ae3696318
      size: 318733334
    - path: prepare_data.R
      md5: 5542136318b1e1f85be457acc02ba487
      size: 1122
    outs:
    - path: outputs/train_fold.rds
      md5: 3bcc950862204d1ed9155530c6f0ce3b
      size: 5705589
    - path: outputs/validation_fold.rds
      md5: 01c983fc70777343f145143f0bbe8560
      size: 45517455
  train_model:
    cmd: Rscript train_model.R
    deps:
    - path: outputs/train_fold.rds
      md5: 3bcc950862204d1ed9155530c6f0ce3b
      size: 5705589
    - path: outputs/validation_fold.rds
      md5: 01c983fc70777343f145143f0bbe8560
      size: 45517455
    - path: train_model.R
      md5: 0a66b78ad760e123443b0e7039ba9a77
      size: 1204
    outs:
    - path: accuracy.txt
      md5: ac10b13659b44ba85ae43a5c97650795
      size: 6
    - path: outputs/model.rds
      md5: 90235a7eaa955b2f907de10a7105453d
      size: 96164
