schema: '2.0'
stages:
  prepare_data:
    cmd: Rscript prepare_data.R
    deps:
    - path: data/train.csv
      md5: 38d8ca74676e1be914a84d2ae3696318
      size: 318733334
    - path: prepare_data.R
      md5: 3404cca66745a8306b77e25a05a1b6a2
      size: 638
    outs:
    - path: outputs/train_fold.rds
      md5: 5b837db8c0fdffee01a3b475a3d7bdb6
      size: 17289788
    - path: outputs/validation_fold.rds
      md5: dbeea013312a80224cd22738dfbc958c
      size: 34568659
  train_model:
    cmd: Rscript train_model.R
    deps:
    - path: outputs/train_fold.rds
      md5: 5b837db8c0fdffee01a3b475a3d7bdb6
      size: 17289788
    - path: outputs/validation_fold.rds
      md5: dbeea013312a80224cd22738dfbc958c
      size: 34568659
    - path: train_model.R
      md5: 68eee84a47c59440976285b2a8fde223
      size: 895
    outs:
    - path: accuracy.txt
      md5: 6f92f63c3e3d22c0302a16b5c0d48e2e
      size: 6
    - path: outputs/model.rds
      md5: 0a097779b9f689f7e5048dd68cdfa65a
      size: 295882
